
Microsoft Visual Studio Solution File, Format Version 12.00
# Visual Studio Version 16
VisualStudioVersion = 16.0.30128.74
MinimumVisualStudioVersion = 10.0.40219.1
Project("{FAE04EC0-301F-11D3-BF4B-00C04F79EFBC}") = "StockShareTransactions", "StockShareTransactions\StockShareTransactions.csproj", "{DE039D91-393B-46CE-93B2-5AD7F6A70B99}"
EndProject
Global
	GlobalSection(SolutionConfigurationPlatforms) = preSolution
		Debug|Any CPU = Debug|Any CPU
		Release|Any CPU = Release|Any CPU
	EndGlobalSection
	GlobalSection(ProjectConfigurationPlatforms) = postSolution
		{DE039D91-393B-46CE-93B2-5AD7F6A70B99}.Debug|Any CPU.ActiveCfg = Debug|Any CPU
		{DE039D91-393B-46CE-93B2-5AD7F6A70B99}.Debug|Any CPU.Build.0 = Debug|Any CPU
		{DE039D91-393B-46CE-93B2-5AD7F6A70B99}.Release|Any CPU.ActiveCfg = Release|Any CPU
		{DE039D91-393B-46CE-93B2-5AD7F6A70B99}.Release|Any CPU.Build.0 = Release|Any CPU
	EndGlobalSection
	GlobalSection(SolutionProperties) = preSolution
		HideSolutionNode = FALSE
	EndGlobalSection
	GlobalSection(ExtensibilityGlobals) = postSolution
		SolutionGuid = {BF42D017-A05B-41B3-A66F-466D7D543358}
	EndGlobalSection
EndGlobal
